# 部署用的「确定能跑」的那一组版本（pip freeze 出来的，Python 3.12，全部测试在这组上过的）。
# requirements.txt 写的是「要哪些包、最低什么版本」；装的时候用这份，别用那份：
# 那份只写下限，新机器上会装到最新版 —— 实测 sqlmodel 0.0.46 开始拒收不带时区的时间，
# 全新部署直接起不来（开发机上是 0.0.42，一直没发现）。
#
# 升级依赖：改 requirements.txt → pip install -U -r requirements.txt → 跑测试 → pip freeze > requirements.lock（再把这几行注释补回来）

alembic==1.20.0
annotated-doc==0.0.5
annotated-types==0.8.0
anyio==4.15.1
bcrypt==5.0.0
certifi==2026.7.22
click==8.5.0
fastapi==0.141.1
h11==0.16.0
httpcore==1.0.9
httptools==0.8.0
httpx==0.28.1
idna==3.20
iniconfig==2.3.0
Mako==1.4.1
MarkupSafe==3.0.3
packaging==26.3
pillow==12.3.0
pluggy==1.6.0
pydantic==2.13.5
pydantic_core==2.46.5
Pygments==2.21.0
PyJWT==2.14.0
pytest==9.1.1
python-dotenv==1.2.3
python-multipart==0.0.32
PyYAML==6.0.3
SQLAlchemy==2.0.54
sqlmodel==0.0.42
starlette==1.6.0
typing-inspection==0.4.4
typing_extensions==4.16.0
uvicorn==0.53.0
uvloop==0.22.1
watchfiles==1.2.0
websockets==17.1
